

#include <iostream>
using namespace std;

int main()
{
    int n1;
    int n2;
    int n3;
    cout << "Enter Number (1) : " << endl;
    cin >> n1;
    cout << "Enter Number (2) : " << endl;
    cin >> n2;
    cout << "Enter Number (3) : " << endl;
    cin >> n3;
    cout << n1+n2+n3;



    return 0;
}

