

#include <iostream>
using namespace std;

int main()
{
    string name;
        int age;
        string city;
        string cont;
        int salary;
        char gandr;
        bool marrid;
        cout << "Enter Your Name : ";
        cin >> name;
        cout << "Enter Your Age : ";
        cin >> age;
        cout << "enter Your City : ";
        cin >> city;
        cout << "Enter Your Contry : ";
        cin >> cont;
        cout << "Enter Your Salary : ";
        cin >> salary;
        cout << "What Your Ganfer ? ";
        cin >> gandr;
        cout << "Are You marrid ? True or False : ";
        cin >> marrid;
    cout << "***************************\n";
    cout << "Name: " << name << endl;
    cout << "Age: "<< age << endl;
    cout << "City : "<< city << endl;
    cout << "Contry : " << cont << endl;
    cout << "salary :" << salary << endl;
    cout << "salary yaer : " << salary * 12 << endl;
    cout << "Gander : " << gandr << endl;
    cout << "marrid : "<< marrid <<endl;
    cout << "***************************\n ";

    return 0;
}

